// !$*UTF8*$!
{
	archiveVersion = 1;
	classes = {
	};
	objectVersion = 56;
	objects = {

/* Begin PBXBuildFile section */
		28BBB8442AB458CC002E5439 /* AppDelegate.swift in Sources */ = {isa = PBXBuildFile; fileRef = 28BBB8432AB458CC002E5439 /* AppDelegate.swift */; };
		28BBB8462AB458CC002E5439 /* SceneDelegate.swift in Sources */ = {isa = PBXBuildFile; fileRef = 28BBB8452AB458CC002E5439 /* SceneDelegate.swift */; };
		28BBB8482AB458CC002E5439 /* PhotoListViewController.swift in Sources */ = {isa = PBXBuildFile; fileRef = 28BBB8472AB458CC002E5439 /* PhotoListViewController.swift */; };
		28BBB84D2AB458CE002E5439 /* Assets.xcassets in Resources */ = {isa = PBXBuildFile; fileRef = 28BBB84C2AB458CE002E5439 /* Assets.xcassets */; };
		28BBB8502AB458CE002E5439 /* LaunchScreen.storyboard in Resources */ = {isa = PBXBuildFile; fileRef = 28BBB84E2AB458CE002E5439 /* LaunchScreen.storyboard */; };
		28BBB85B2AB46267002E5439 /* PhotoListViewProtocol.swift in Sources */ = {isa = PBXBuildFile; fileRef = 28BBB85A2AB46267002E5439 /* PhotoListViewProtocol.swift */; };
		28BBB85D2AB462F3002E5439 /* PhotoListInteractor.swift in Sources */ = {isa = PBXBuildFile; fileRef = 28BBB85C2AB462F3002E5439 /* PhotoListInteractor.swift */; };
		28BBB85F2AB46319002E5439 /* PhotoListPresenter.swift in Sources */ = {isa = PBXBuildFile; fileRef = 28BBB85E2AB46319002E5439 /* PhotoListPresenter.swift */; };
		28BBB8612AB46336002E5439 /* PhotoListRouter.swift in Sources */ = {isa = PBXBuildFile; fileRef = 28BBB8602AB46336002E5439 /* PhotoListRouter.swift */; };
		28BBB8642AB4653A002E5439 /* Alamofire in Frameworks */ = {isa = PBXBuildFile; productRef = 28BBB8632AB4653A002E5439 /* Alamofire */; };
		28BBB8672AB465A6002E5439 /* SwiftyJSON in Frameworks */ = {isa = PBXBuildFile; productRef = 28BBB8662AB465A6002E5439 /* SwiftyJSON */; };
		28BBB8692AB465F6002E5439 /* PhotoListEntity.swift in Sources */ = {isa = PBXBuildFile; fileRef = 28BBB8682AB465F6002E5439 /* PhotoListEntity.swift */; };
/* End PBXBuildFile section */

/* Begin PBXFileReference section */
		28BBB8402AB458CC002E5439 /* ExampleUsingVIPERarchitecture.app */ = {isa = PBXFileReference; explicitFileType = wrapper.application; includeInIndex = 0; path = ExampleUsingVIPERarchitecture.app; sourceTree = BUILT_PRODUCTS_DIR; };
		28BBB8432AB458CC002E5439 /* AppDelegate.swift */ = {isa = PBXFileReference; lastKnownFileType = sourcecode.swift; path = AppDelegate.swift; sourceTree = "<group>"; };
		28BBB8452AB458CC002E5439 /* SceneDelegate.swift */ = {isa = PBXFileReference; lastKnownFileType = sourcecode.swift; path = SceneDelegate.swift; sourceTree = "<group>"; };
		28BBB8472AB458CC002E5439 /* PhotoListViewController.swift */ = {isa = PBXFileReference; lastKnownFileType = sourcecode.swift; path = PhotoListViewController.swift; sourceTree = "<group>"; };
		28BBB84C2AB458CE002E5439 /* Assets.xcassets */ = {isa = PBXFileReference; lastKnownFileType = folder.assetcatalog; path = Assets.xcassets; sourceTree = "<group>"; };
		28BBB84F2AB458CE002E5439 /* Base */ = {isa = PBXFileReference; lastKnownFileType = file.storyboard; name = Base; path = Base.lproj/LaunchScreen.storyboard; sourceTree = "<group>"; };
		28BBB8512AB458CE002E5439 /* Info.plist */ = {isa = PBXFileReference; lastKnownFileType = text.plist.xml; path = Info.plist; sourceTree = "<group>"; };
		28BBB85A2AB46267002E5439 /* PhotoListViewProtocol.swift */ = {isa = PBXFileReference; lastKnownFileType = sourcecode.swift; path = PhotoListViewProtocol.swift; sourceTree = "<group>"; };
		28BBB85C2AB462F3002E5439 /* PhotoListInteractor.swift */ = {isa = PBXFileReference; lastKnownFileType = sourcecode.swift; path = PhotoListInteractor.swift; sourceTree = "<group>"; };
		28BBB85E2AB46319002E5439 /* PhotoListPresenter.swift */ = {isa = PBXFileReference; lastKnownFileType = sourcecode.swift; path = PhotoListPresenter.swift; sourceTree = "<group>"; };
		28BBB8602AB46336002E5439 /* PhotoListRouter.swift */ = {isa = PBXFileReference; lastKnownFileType = sourcecode.swift; path = PhotoListRouter.swift; sourceTree = "<group>"; };
		28BBB8682AB465F6002E5439 /* PhotoListEntity.swift */ = {isa = PBXFileReference; lastKnownFileType = sourcecode.swift; path = PhotoListEntity.swift; sourceTree = "<group>"; };
/* End PBXFileReference section */

/* Begin PBXFrameworksBuildPhase section */
		28BBB83D2AB458CC002E5439 /* Frameworks */ = {
			isa = PBXFrameworksBuildPhase;
			buildActionMask = 2147483647;
			files = (
				28BBB8672AB465A6002E5439 /* SwiftyJSON in Frameworks */,
				28BBB8642AB4653A002E5439 /* Alamofire in Frameworks */,
			);
			runOnlyForDeploymentPostprocessing = 0;
		};
/* End PBXFrameworksBuildPhase section */

/* Begin PBXGroup section */
		28BBB8372AB458CC002E5439 = {
			isa = PBXGroup;
			children = (
				28BBB8422AB458CC002E5439 /* ExampleUsingVIPERarchitecture */,
				28BBB8412AB458CC002E5439 /* Products */,
			);
			sourceTree = "<group>";
		};
		28BBB8412AB458CC002E5439 /* Products */ = {
			isa = PBXGroup;
			children = (
				28BBB8402AB458CC002E5439 /* ExampleUsingVIPERarchitecture.app */,
			);
			name = Products;
			sourceTree = "<group>";
		};
		28BBB8422AB458CC002E5439 /* ExampleUsingVIPERarchitecture */ = {
			isa = PBXGroup;
			children = (
				28BBB8572AB461B1002E5439 /* App */,
				28BBB8592AB46208002E5439 /* Resources */,
				28BBB8582AB461E9002E5439 /* Modules */,
			);
			path = ExampleUsingVIPERarchitecture;
			sourceTree = "<group>";
		};
		28BBB8572AB461B1002E5439 /* App */ = {
			isa = PBXGroup;
			children = (
				28BBB8432AB458CC002E5439 /* AppDelegate.swift */,
				28BBB8452AB458CC002E5439 /* SceneDelegate.swift */,
			);
			path = App;
			sourceTree = "<group>";
		};
		28BBB8582AB461E9002E5439 /* Modules */ = {
			isa = PBXGroup;
			children = (
				28BBB8472AB458CC002E5439 /* PhotoListViewController.swift */,
				28BBB85A2AB46267002E5439 /* PhotoListViewProtocol.swift */,
				28BBB85C2AB462F3002E5439 /* PhotoListInteractor.swift */,
				28BBB85E2AB46319002E5439 /* PhotoListPresenter.swift */,
				28BBB8602AB46336002E5439 /* PhotoListRouter.swift */,
				28BBB8682AB465F6002E5439 /* PhotoListEntity.swift */,
			);
			path = Modules;
			sourceTree = "<group>";
		};
		28BBB8592AB46208002E5439 /* Resources */ = {
			isa = PBXGroup;
			children = (
				28BBB84E2AB458CE002E5439 /* LaunchScreen.storyboard */,
				28BBB84C2AB458CE002E5439 /* Assets.xcassets */,
				28BBB8512AB458CE002E5439 /* Info.plist */,
			);
			path = Resources;
			sourceTree = "<group>";
		};
/* End PBXGroup section */

/* Begin PBXNativeTarget section */
		28BBB83F2AB458CC002E5439 /* ExampleUsingVIPERarchitecture */ = {
			isa = PBXNativeTarget;
			buildConfigurationList = 28BBB8542AB458CE002E5439 /* Build configuration list for PBXNativeTarget "ExampleUsingVIPERarchitecture" */;
			buildPhases = (
				28BBB83C2AB458CC002E5439 /* Sources */,
				28BBB83D2AB458CC002E5439 /* Frameworks */,
				28BBB83E2AB458CC002E5439 /* Resources */,
			);
			buildRules = (
			);
			dependencies = (
			);
			name = ExampleUsingVIPERarchitecture;
			packageProductDependencies = (
				28BBB8632AB4653A002E5439 /* Alamofire */,
				28BBB8662AB465A6002E5439 /* SwiftyJSON */,
			);
			productName = ExampleUsingVIPERarchitecture;
			productReference = 28BBB8402AB458CC002E5439 /* ExampleUsingVIPERarchitecture.app */;
			productType = "com.apple.product-type.application";
		};
/* End PBXNativeTarget section */

/* Begin PBXProject section */
		28BBB8382AB458CC002E5439 /* Project object */ = {
			isa = PBXProject;
			attributes = {
				BuildIndependentTargetsInParallel = 1;
				LastSwiftUpdateCheck = 1430;
				LastUpgradeCheck = 1430;
				TargetAttributes = {
					28BBB83F2AB458CC002E5439 = {
						CreatedOnToolsVersion = 14.3;
					};
				};
			};
			buildConfigurationList = 28BBB83B2AB458CC002E5439 /* Build configuration list for PBXProject "ExampleUsingVIPERarchitecture" */;
			compatibilityVersion = "Xcode 14.0";
			developmentRegion = en;
			hasScannedForEncodings = 0;
			knownRegions = (
				en,
				Base,
			);
			mainGroup = 28BBB8372AB458CC002E5439;
			packageReferences = (
				28BBB8622AB4653A002E5439 /* XCRemoteSwiftPackageReference "Alamofire" */,
				28BBB8652AB465A6002E5439 /* XCRemoteSwiftPackageReference "SwiftyJSON" */,
			);
			productRefGroup = 28BBB8412AB458CC002E5439 /* Products */;
			projectDirPath = "";
			projectRoot = "";
			targets = (
				28BBB83F2AB458CC002E5439 /* ExampleUsingVIPERarchitecture */,
			);
		};
/* End PBXProject section */

/* Begin PBXResourcesBuildPhase section */
		28BBB83E2AB458CC002E5439 /* Resources */ = {
			isa = PBXResourcesBuildPhase;
			buildActionMask = 2147483647;
			files = (
				28BBB8502AB458CE002E5439 /* LaunchScreen.storyboard in Resources */,
				28BBB84D2AB458CE002E5439 /* Assets.xcassets in Resources */,
			);
			runOnlyForDeploymentPostprocessing = 0;
		};
/* End PBXResourcesBuildPhase section */

/* Begin PBXSourcesBuildPhase section */
		28BBB83C2AB458CC002E5439 /* Sources */ = {
			isa = PBXSourcesBuildPhase;
			buildActionMask = 2147483647;
			files = (
				28BBB85D2AB462F3002E5439 /* PhotoListInteractor.swift in Sources */,
				28BBB8482AB458CC002E5439 /* PhotoListViewController.swift in Sources */,
				28BBB8692AB465F6002E5439 /* PhotoListEntity.swift in Sources */,
				28BBB8612AB46336002E5439 /* PhotoListRouter.swift in Sources */,
				28BBB85B2AB46267002E5439 /* PhotoListViewProtocol.swift in Sources */,
				28BBB85F2AB46319002E5439 /* PhotoListPresenter.swift in Sources */,
				28BBB8442AB458CC002E5439 /* AppDelegate.swift in Sources */,
				28BBB8462AB458CC002E5439 /* SceneDelegate.swift in Sources */,
			);
			runOnlyForDeploymentPostprocessing = 0;
		};
/* End PBXSourcesBuildPhase section */

/* Begin PBXVariantGroup section */
		28BBB84E2AB458CE002E5439 /* LaunchScreen.storyboard */ = {
			isa = PBXVariantGroup;
			children = (
				28BBB84F2AB458CE002E5439 /* Base */,
			);
			name = LaunchScreen.storyboard;
			sourceTree = "<group>";
		};
/* End PBXVariantGroup section */

/* Begin XCBuildConfiguration section */
		28BBB8522AB458CE002E5439 /* Debug */ = {
			isa = XCBuildConfiguration;
			buildSettings = {
				ALWAYS_SEARCH_USER_PATHS = NO;
				CLANG_ANALYZER_NONNULL = YES;
				CLANG_ANALYZER_NUMBER_OBJECT_CONVERSION = YES_AGGRESSIVE;
				CLANG_CXX_LANGUAGE_STANDARD = "gnu++20";
				CLANG_ENABLE_MODULES = YES;
				CLANG_ENABLE_OBJC_ARC = YES;
				CLANG_ENABLE_OBJC_WEAK = YES;
				CLANG_WARN_BLOCK_CAPTURE_AUTORELEASING = YES;
				CLANG_WARN_BOOL_CONVERSION = YES;
				CLANG_WARN_COMMA = YES;
				CLANG_WARN_CONSTANT_CONVERSION = YES;
				CLANG_WARN_DEPRECATED_OBJC_IMPLEMENTATIONS = YES;
				CLANG_WARN_DIRECT_OBJC_ISA_USAGE = YES_ERROR;
				CLANG_WARN_DOCUMENTATION_COMMENTS = YES;
				CLANG_WARN_EMPTY_BODY = YES;
				CLANG_WARN_ENUM_CONVERSION = YES;
				CLANG_WARN_INFINITE_RECURSION = YES;
				CLANG_WARN_INT_CONVERSION = YES;
				CLANG_WARN_NON_LITERAL_NULL_CONVERSION = YES;
				CLANG_WARN_OBJC_IMPLICIT_RETAIN_SELF = YES;
				CLANG_WARN_OBJC_LITERAL_CONVERSION = YES;
				CLANG_WARN_OBJC_ROOT_CLASS = YES_ERROR;
				CLANG_WARN_QUOTED_INCLUDE_IN_FRAMEWORK_HEADER = YES;
				CLANG_WARN_RANGE_LOOP_ANALYSIS = YES;
				CLANG_WARN_STRICT_PROTOTYPES = YES;
				CLANG_WARN_SUSPICIOUS_MOVE = YES;
				CLANG_WARN_UNGUARDED_AVAILABILITY = YES_AGGRESSIVE;
				CLANG_WARN_UNREACHABLE_CODE = YES;
				CLANG_WARN__DUPLICATE_METHOD_MATCH = YES;
				COPY_PHASE_STRIP = NO;
				DEBUG_INFORMATION_FORMAT = dwarf;
				ENABLE_STRICT_OBJC_MSGSEND = YES;
				ENABLE_TESTABILITY = YES;
				GCC_C_LANGUAGE_STANDARD = gnu11;
				GCC_DYNAMIC_NO_PIC = NO;
				GCC_NO_COMMON_BLOCKS = YES;
				GCC_OPTIMIZATION_LEVEL = 0;
				GCC_PREPROCESSOR_DEFINITIONS = (
					"DEBUG=1",
					"$(inherited)",
				);
				GCC_WARN_64_TO_32_BIT_CONVERSION = YES;
				GCC_WARN_ABOUT_RETURN_TYPE = YES_ERROR;
				GCC_WARN_UNDECLARED_SELECTOR = YES;
				GCC_WARN_UNINITIALIZED_AUTOS = YES_AGGRESSIVE;
				GCC_WARN_UNUSED_FUNCTION = YES;
				GCC_WARN_UNUSED_VARIABLE = YES;
				IPHONEOS_DEPLOYMENT_TARGET = 16.4;
				MTL_ENABLE_DEBUG_INFO = INCLUDE_SOURCE;
				MTL_FAST_MATH = YES;
				ONLY_ACTIVE_ARCH = YES;
				SDKROOT = iphoneos;
				SWIFT_ACTIVE_COMPILATION_CONDITIONS = DEBUG;
				SWIFT_OPTIMIZATION_LEVEL = "-Onone";
			};
			name = Debug;
		};
		28BBB8532AB458CE002E5439 /* Release */ = {
			isa = XCBuildConfiguration;
			buildSettings = {
				ALWAYS_SEARCH_USER_PATHS = NO;
				CLANG_ANALYZER_NONNULL = YES;
				CLANG_ANALYZER_NUMBER_OBJECT_CONVERSION = YES_AGGRESSIVE;
				CLANG_CXX_LANGUAGE_STANDARD = "gnu++20";
				CLANG_ENABLE_MODULES = YES;
				CLANG_ENABLE_OBJC_ARC = YES;
				CLANG_ENABLE_OBJC_WEAK = YES;
				CLANG_WARN_BLOCK_CAPTURE_AUTORELEASING = YES;
				CLANG_WARN_BOOL_CONVERSION = YES;
				CLANG_WARN_COMMA = YES;
				CLANG_WARN_CONSTANT_CONVERSION = YES;
				CLANG_WARN_DEPRECATED_OBJC_IMPLEMENTATIONS = YES;
				CLANG_WARN_DIRECT_OBJC_ISA_USAGE = YES_ERROR;
				CLANG_WARN_DOCUMENTATION_COMMENTS = YES;
				CLANG_WARN_EMPTY_BODY = YES;
				CLANG_WARN_ENUM_CONVERSION = YES;
				CLANG_WARN_INFINITE_RECURSION = YES;
				CLANG_WARN_INT_CONVERSION = YES;
				CLANG_WARN_NON_LITERAL_NULL_CONVERSION = YES;
				CLANG_WARN_OBJC_IMPLICIT_RETAIN_SELF = YES;
				CLANG_WARN_OBJC_LITERAL_CONVERSION = YES;
				CLANG_WARN_OBJC_ROOT_CLASS = YES_ERROR;
				CLANG_WARN_QUOTED_INCLUDE_IN_FRAMEWORK_HEADER = YES;
				CLANG_WARN_RANGE_LOOP_ANALYSIS = YES;
				CLANG_WARN_STRICT_PROTOTYPES = YES;
				CLANG_WARN_SUSPICIOUS_MOVE = YES;
				CLANG_WARN_UNGUARDED_AVAILABILITY = YES_AGGRESSIVE;
				CLANG_WARN_UNREACHABLE_CODE = YES;
				CLANG_WARN__DUPLICATE_METHOD_MATCH = YES;
				COPY_PHASE_STRIP = NO;
				DEBUG_INFORMATION_FORMAT = "dwarf-with-dsym";
				ENABLE_NS_ASSERTIONS = NO;
				ENABLE_STRICT_OBJC_MSGSEND = YES;
				GCC_C_LANGUAGE_STANDARD = gnu11;
				GCC_NO_COMMON_BLOCKS = YES;
				GCC_WARN_64_TO_32_BIT_CONVERSION = YES;
				GCC_WARN_ABOUT_RETURN_TYPE = YES_ERROR;
				GCC_WARN_UNDECLARED_SELECTOR = YES;
				GCC_WARN_UNINITIALIZED_AUTOS = YES_AGGRESSIVE;
				GCC_WARN_UNUSED_FUNCTION = YES;
				GCC_WARN_UNUSED_VARIABLE = YES;
				IPHONEOS_DEPLOYMENT_TARGET = 16.4;
				MTL_ENABLE_DEBUG_INFO = NO;
				MTL_FAST_MATH = YES;
				SDKROOT = iphoneos;
				SWIFT_COMPILATION_MODE = wholemodule;
				SWIFT_OPTIMIZATION_LEVEL = "-O";
				VALIDATE_PRODUCT = YES;
			};
			name = Release;
		};
		28BBB8552AB458CE002E5439 /* Debug */ = {
			isa = XCBuildConfiguration;
			buildSettings = {
				ASSETCATALOG_COMPILER_APPICON_NAME = AppIcon;
				ASSETCATALOG_COMPILER_GLOBAL_ACCENT_COLOR_NAME = AccentColor;
				CODE_SIGN_STYLE = Automatic;
				CURRENT_PROJECT_VERSION = 1;
				DEVELOPMENT_TEAM = 7TGA44R678;
				GENERATE_INFOPLIST_FILE = YES;
				INFOPLIST_FILE = ExampleUsingVIPERarchitecture/Resources/Info.plist;
				INFOPLIST_KEY_UIApplicationSupportsIndirectInputEvents = YES;
				INFOPLIST_KEY_UILaunchStoryboardName = LaunchScreen;
				INFOPLIST_KEY_UISupportedInterfaceOrientations_iPad = "UIInterfaceOrientationPortrait UIInterfaceOrientationPortraitUpsideDown UIInterfaceOrientationLandscapeLeft UIInterfaceOrientationLandscapeRight";
				INFOPLIST_KEY_UISupportedInterfaceOrientations_iPhone = "UIInterfaceOrientationPortrait UIInterfaceOrientationLandscapeLeft UIInterfaceOrientationLandscapeRight";
				LD_RUNPATH_SEARCH_PATHS = (
					"$(inherited)",
					"@executable_path/Frameworks",
				);
				MARKETING_VERSION = 1.0;
				PRODUCT_BUNDLE_IDENTIFIER = SeitovN.ExampleUsingVIPERarchitecture;
				PRODUCT_NAME = "$(TARGET_NAME)";
				SUPPORTED_PLATFORMS = "iphoneos iphonesimulator";
				SUPPORTS_MACCATALYST = NO;
				SUPPORTS_MAC_DESIGNED_FOR_IPHONE_IPAD = NO;
				SWIFT_EMIT_LOC_STRINGS = YES;
				SWIFT_VERSION = 5.0;
				TARGETED_DEVICE_FAMILY = 1;
			};
			name = Debug;
		};
		28BBB8562AB458CE002E5439 /* Release */ = {
			isa = XCBuildConfiguration;
			buildSettings = {
				ASSETCATALOG_COMPILER_APPICON_NAME = AppIcon;
				ASSETCATALOG_COMPILER_GLOBAL_ACCENT_COLOR_NAME = AccentColor;
				CODE_SIGN_STYLE = Automatic;
				CURRENT_PROJECT_VERSION = 1;
				DEVELOPMENT_TEAM = 7TGA44R678;
				GENERATE_INFOPLIST_FILE = YES;
				INFOPLIST_FILE = ExampleUsingVIPERarchitecture/Resources/Info.plist;
				INFOPLIST_KEY_UIApplicationSupportsIndirectInputEvents = YES;
				INFOPLIST_KEY_UILaunchStoryboardName = LaunchScreen;
				INFOPLIST_KEY_UISupportedInterfaceOrientations_iPad = "UIInterfaceOrientationPortrait UIInterfaceOrientationPortraitUpsideDown UIInterfaceOrientationLandscapeLeft UIInterfaceOrientationLandscapeRight";
				INFOPLIST_KEY_UISupportedInterfaceOrientations_iPhone = "UIInterfaceOrientationPortrait UIInterfaceOrientationLandscapeLeft UIInterfaceOrientationLandscapeRight";
				LD_RUNPATH_SEARCH_PATHS = (
					"$(inherited)",
					"@executable_path/Frameworks",
				);
				MARKETING_VERSION = 1.0;
				PRODUCT_BUNDLE_IDENTIFIER = SeitovN.ExampleUsingVIPERarchitecture;
				PRODUCT_NAME = "$(TARGET_NAME)";
				SUPPORTED_PLATFORMS = "iphoneos iphonesimulator";
				SUPPORTS_MACCATALYST = NO;
				SUPPORTS_MAC_DESIGNED_FOR_IPHONE_IPAD = NO;
				SWIFT_EMIT_LOC_STRINGS = YES;
				SWIFT_VERSION = 5.0;
				TARGETED_DEVICE_FAMILY = 1;
			};
			name = Release;
		};
/* End XCBuildConfiguration section */

/* Begin XCConfigurationList section */
		28BBB83B2AB458CC002E5439 /* Build configuration list for PBXProject "ExampleUsingVIPERarchitecture" */ = {
			isa = XCConfigurationList;
			buildConfigurations = (
				28BBB8522AB458CE002E5439 /* Debug */,
				28BBB8532AB458CE002E5439 /* Release */,
			);
			defaultConfigurationIsVisible = 0;
			defaultConfigurationName = Release;
		};
		28BBB8542AB458CE002E5439 /* Build configuration list for PBXNativeTarget "ExampleUsingVIPERarchitecture" */ = {
			isa = XCConfigurationList;
			buildConfigurations = (
				28BBB8552AB458CE002E5439 /* Debug */,
				28BBB8562AB458CE002E5439 /* Release */,
			);
			defaultConfigurationIsVisible = 0;
			defaultConfigurationName = Release;
		};
/* End XCConfigurationList section */

/* Begin XCRemoteSwiftPackageReference section */
		28BBB8622AB4653A002E5439 /* XCRemoteSwiftPackageReference "Alamofire" */ = {
			isa = XCRemoteSwiftPackageReference;
			repositoryURL = "https://github.com/Alamofire/Alamofire.git";
			requirement = {
				kind = upToNextMajorVersion;
				minimumVersion = 5.0.0;
			};
		};
		28BBB8652AB465A6002E5439 /* XCRemoteSwiftPackageReference "SwiftyJSON" */ = {
			isa = XCRemoteSwiftPackageReference;
			repositoryURL = "https://github.com/SwiftyJSON/SwiftyJSON.git";
			requirement = {
				kind = upToNextMajorVersion;
				minimumVersion = 5.0.0;
			};
		};
/* End XCRemoteSwiftPackageReference section */

/* Begin XCSwiftPackageProductDependency section */
		28BBB8632AB4653A002E5439 /* Alamofire */ = {
			isa = XCSwiftPackageProductDependency;
			package = 28BBB8622AB4653A002E5439 /* XCRemoteSwiftPackageReference "Alamofire" */;
			productName = Alamofire;
		};
		28BBB8662AB465A6002E5439 /* SwiftyJSON */ = {
			isa = XCSwiftPackageProductDependency;
			package = 28BBB8652AB465A6002E5439 /* XCRemoteSwiftPackageReference "SwiftyJSON" */;
			productName = SwiftyJSON;
		};
/* End XCSwiftPackageProductDependency section */
	};
	rootObject = 28BBB8382AB458CC002E5439 /* Project object */;
}
